// !$*UTF8*$!
{ archiveVersion = 1; classes = {}; objectVersion = 56; objects = {
000000000000000000000001 = { isa = PBXProject; attributes = { LastUpgradeCheck = 1600; }; buildConfigurationList = 00000000000000000000000A; compatibilityVersion = "Xcode 14.0"; developmentRegion = en; knownRegions = (en, Base); mainGroup = 000000000000000000000002; productRefGroup = 000000000000000000000003; projectDirPath = ""; projectRoot = ""; targets = (000000000000000000000004); packageReferences = (000000000000000000000014); };
000000000000000000000002 = { isa = PBXGroup; children = (000000000000000000000005, 000000000000000000000003); sourceTree = "<group>"; };
000000000000000000000003 = { isa = PBXGroup; children = (000000000000000000000006); name = Products; sourceTree = "<group>"; };
000000000000000000000004 = { isa = PBXNativeTarget; buildConfigurationList = 00000000000000000000000B; buildPhases = (000000000000000000000007, 000000000000000000000008, 000000000000000000000009); buildRules = (); dependencies = (); name = MPVNightPlayer; productName = MPVNightPlayer; productReference = 000000000000000000000006; productType = "com.apple.product-type.application"; packageProductDependencies = (000000000000000000000015); };
000000000000000000000005 = { isa = PBXGroup; children = (00000000000000000000001E, 00000000000000000000001F, 000000000000000000000020); path = MPVNightPlayer; sourceTree = "<group>"; };
000000000000000000000006 = { isa = PBXFileReference; explicitFileType = wrapper.application; path = MPVNightPlayer.app; sourceTree = BUILT_PRODUCTS_DIR; };
000000000000000000000007 = { isa = PBXSourcesBuildPhase; buildActionMask = 2147483647; files = (000000000000000000000028,000000000000000000000029); runOnlyForDeploymentPostprocessing = 0; };
000000000000000000000008 = { isa = PBXFrameworksBuildPhase; buildActionMask = 2147483647; files = (000000000000000000000016); runOnlyForDeploymentPostprocessing = 0; };
000000000000000000000009 = { isa = PBXResourcesBuildPhase; buildActionMask = 2147483647; files = (); runOnlyForDeploymentPostprocessing = 0; };
00000000000000000000000A = { isa = XCConfigurationList; buildConfigurations = (00000000000000000000000C,00000000000000000000000D); defaultConfigurationIsVisible = 0; defaultConfigurationName = Release; };
00000000000000000000000B = { isa = XCConfigurationList; buildConfigurations = (00000000000000000000000E,00000000000000000000000F); defaultConfigurationIsVisible = 0; defaultConfigurationName = Release; };
00000000000000000000000C = { isa = XCBuildConfiguration; buildSettings = { CLANG_ENABLE_MODULES = YES; CLANG_ENABLE_OBJC_ARC = YES; CLANG_CXX_LANGUAGE_STANDARD = "gnu++20"; SDKROOT = iphoneos; IPHONEOS_DEPLOYMENT_TARGET = 15.0; SWIFT_VERSION = 5.0; DEBUG_INFORMATION_FORMAT = dwarf; SWIFT_OPTIMIZATION_LEVEL = "-Onone"; SWIFT_ACTIVE_COMPILATION_CONDITIONS = DEBUG; ENABLE_TESTABILITY = YES; }; name = Debug; };
00000000000000000000000D = { isa = XCBuildConfiguration; buildSettings = { CLANG_ENABLE_MODULES = YES; CLANG_ENABLE_OBJC_ARC = YES; CLANG_CXX_LANGUAGE_STANDARD = "gnu++20"; SDKROOT = iphoneos; IPHONEOS_DEPLOYMENT_TARGET = 15.0; SWIFT_VERSION = 5.0; DEBUG_INFORMATION_FORMAT = "dwarf-with-dsym"; SWIFT_OPTIMIZATION_LEVEL = "-O"; SWIFT_COMPILATION_MODE = wholemodule; }; name = Release; };
00000000000000000000000E = { isa = XCBuildConfiguration; buildSettings = { PRODUCT_NAME = "$(TARGET_NAME)"; PRODUCT_BUNDLE_IDENTIFIER = com.guans1976.MPVNightPlayer; INFOPLIST_FILE = MPVNightPlayer/Info.plist; GENERATE_INFOPLIST_FILE = NO; TARGETED_DEVICE_FAMILY = "1,2"; SUPPORTED_PLATFORMS = "iphoneos iphonesimulator"; SUPPORTS_MACCATALYST = NO; LD_RUNPATH_SEARCH_PATHS = ("$(inherited)", "@executable_path/Frameworks"); CODE_SIGN_STYLE = Automatic; CURRENT_PROJECT_VERSION = 1; MARKETING_VERSION = 1.0.0; }; name = Debug; };
00000000000000000000000F = { isa = XCBuildConfiguration; buildSettings = { PRODUCT_NAME = "$(TARGET_NAME)"; PRODUCT_BUNDLE_IDENTIFIER = com.guans1976.MPVNightPlayer; INFOPLIST_FILE = MPVNightPlayer/Info.plist; GENERATE_INFOPLIST_FILE = NO; TARGETED_DEVICE_FAMILY = "1,2"; SUPPORTED_PLATFORMS = "iphoneos iphonesimulator"; SUPPORTS_MACCATALYST = NO; LD_RUNPATH_SEARCH_PATHS = ("$(inherited)", "@executable_path/Frameworks"); CODE_SIGN_STYLE = Automatic; CURRENT_PROJECT_VERSION = 1; MARKETING_VERSION = 1.0.0; }; name = Release; };
000000000000000000000014 = { isa = XCRemoteSwiftPackageReference; repositoryURL = "https://github.com/mpvkit/MPVKit.git"; requirement = { kind = exactVersion; version = 1.0.0; }; };
000000000000000000000015 = { isa = XCSwiftPackageProductDependency; package = 000000000000000000000014; productName = MPVKit; };
000000000000000000000016 = { isa = PBXBuildFile; productRef = 000000000000000000000015; };
00000000000000000000001E = { isa = PBXFileReference; lastKnownFileType = sourcecode.swift; path = AppDelegate.swift; sourceTree = "<group>"; };
00000000000000000000001F = { isa = PBXFileReference; lastKnownFileType = sourcecode.swift; path = PlayerViewController.swift; sourceTree = "<group>"; };
000000000000000000000020 = { isa = PBXFileReference; lastKnownFileType = text.plist; path = Info.plist; sourceTree = "<group>"; };
000000000000000000000028 = { isa = PBXBuildFile; fileRef = 00000000000000000000001E; };
000000000000000000000029 = { isa = PBXBuildFile; fileRef = 00000000000000000000001F; };
}; rootObject = 000000000000000000000001; }
